
Microsoft Visual Studio Solution File, Format Version 12.00
# Visual Studio 15
VisualStudioVersion = 15.0.27703.2035
MinimumVisualStudioVersion = 10.0.40219.1
Project("{A07B5EB6-E848-4116-A8D0-A826331D98C6}") = "ESFA.DC.ILR1819.ReportService", "src\ESFA.DC.ILR1819.ReportService\ESFA.DC.ILR1819.ReportService.sfproj", "{298F6F4F-3528-43E9-AF20-D4AFA5E4A6E8}"
EndProject
Project("{FAE04EC0-301F-11D3-BF4B-00C04F79EFBC}") = "ESFA.DC.ILR1819.ReportService.Stateless", "src\ESFA.DC.ILR1819.ReportService.Stateless\ESFA.DC.ILR1819.ReportService.Stateless.csproj", "{125B4643-12BE-4626-9B68-DD1EC6EA9F9C}"
EndProject
Project("{2150E333-8FDC-42A3-9474-1A3956D46DE8}") = "Solution Items", "Solution Items", "{DFC66ED8-5F9E-4A4A-816A-6CCC054E8845}"
	ProjectSection(SolutionItems) = preProject
		README.md = README.md
	EndProjectSection
EndProject
Global
	GlobalSection(SolutionConfigurationPlatforms) = preSolution
		Debug|x64 = Debug|x64
		Release|x64 = Release|x64
	EndGlobalSection
	GlobalSection(ProjectConfigurationPlatforms) = postSolution
		{298F6F4F-3528-43E9-AF20-D4AFA5E4A6E8}.Debug|x64.ActiveCfg = Debug|x64
		{298F6F4F-3528-43E9-AF20-D4AFA5E4A6E8}.Debug|x64.Build.0 = Debug|x64
		{298F6F4F-3528-43E9-AF20-D4AFA5E4A6E8}.Debug|x64.Deploy.0 = Debug|x64
		{298F6F4F-3528-43E9-AF20-D4AFA5E4A6E8}.Release|x64.ActiveCfg = Release|x64
		{298F6F4F-3528-43E9-AF20-D4AFA5E4A6E8}.Release|x64.Build.0 = Release|x64
		{298F6F4F-3528-43E9-AF20-D4AFA5E4A6E8}.Release|x64.Deploy.0 = Release|x64
		{125B4643-12BE-4626-9B68-DD1EC6EA9F9C}.Debug|x64.ActiveCfg = Debug|x64
		{125B4643-12BE-4626-9B68-DD1EC6EA9F9C}.Debug|x64.Build.0 = Debug|x64
		{125B4643-12BE-4626-9B68-DD1EC6EA9F9C}.Release|x64.ActiveCfg = Release|x64
		{125B4643-12BE-4626-9B68-DD1EC6EA9F9C}.Release|x64.Build.0 = Release|x64
	EndGlobalSection
	GlobalSection(SolutionProperties) = preSolution
		HideSolutionNode = FALSE
	EndGlobalSection
	GlobalSection(ExtensibilityGlobals) = postSolution
		SolutionGuid = {CC3E603B-B504-4D86-9752-1D76F725E06A}
	EndGlobalSection
EndGlobal
